PODS:
  - FlutterMacOS (1.0.0)
  - sheet_music_notes (0.0.1):
    - FlutterMacOS

DEPENDENCIES:
  - FlutterMacOS (from `Flutter/ephemeral`)
  - sheet_music_notes (from `Flutter/ephemeral/.symlinks/plugins/sheet_music_notes/macos`)

EXTERNAL SOURCES:
  FlutterMacOS:
    :path: Flutter/ephemeral
  sheet_music_notes:
    :path: Flutter/ephemeral/.symlinks/plugins/sheet_music_notes/macos

SPEC CHECKSUMS:
  FlutterMacOS: d0db08ddef1a9af05a5ec4b724367152bb0500b1
  sheet_music_notes: 78dbc7c8ad1b486632fa6962728bbf11b3b460e8

PODFILE CHECKSUM: 54d867c82ac51cbd61b565781b9fada492027009

COCOAPODS: 1.16.2
